
Microsoft Visual Studio Solution File, Format Version 12.00
# Visual Studio Version 17
VisualStudioVersion = 17.2.32519.379
MinimumVisualStudioVersion = 10.0.40219.1
Project("{9A19103F-16F7-4668-BE54-9A1E7A4F7556}") = "ConsoleApp", "Tracer\ConsoleApp.csproj", "{A21C0227-CC39-475C-B9DD-905B4193E770}"
EndProject
Project("{9A19103F-16F7-4668-BE54-9A1E7A4F7556}") = "TracerLib", "TracerLib\TracerLib.csproj", "{D83F810C-E72B-4DCD-BFEA-0A31D4E2E3D6}"
EndProject
Project("{FAE04EC0-301F-11D3-BF4B-00C04F79EFBC}") = "TracerTests", "TracerTests\TracerTests.csproj", "{54D5E549-BC7D-4CB0-98F3-16E4E8517DFC}"
EndProject
Project("{2150E333-8FDC-42A3-9474-1A3956D46DE8}") = "Solution Items", "Solution Items", "{8FD715B1-A54F-4CE5-99D9-85A3EAA743E9}"
	ProjectSection(SolutionItems) = preProject
		.editorconfig = .editorconfig
	EndProjectSection
EndProject
Global
	GlobalSection(SolutionConfigurationPlatforms) = preSolution
		Debug|Any CPU = Debug|Any CPU
		Release|Any CPU = Release|Any CPU
	EndGlobalSection
	GlobalSection(ProjectConfigurationPlatforms) = postSolution
		{A21C0227-CC39-475C-B9DD-905B4193E770}.Debug|Any CPU.ActiveCfg = Debug|Any CPU
		{A21C0227-CC39-475C-B9DD-905B4193E770}.Debug|Any CPU.Build.0 = Debug|Any CPU
		{A21C0227-CC39-475C-B9DD-905B4193E770}.Release|Any CPU.ActiveCfg = Release|Any CPU
		{A21C0227-CC39-475C-B9DD-905B4193E770}.Release|Any CPU.Build.0 = Release|Any CPU
		{D83F810C-E72B-4DCD-BFEA-0A31D4E2E3D6}.Debug|Any CPU.ActiveCfg = Debug|Any CPU
		{D83F810C-E72B-4DCD-BFEA-0A31D4E2E3D6}.Debug|Any CPU.Build.0 = Debug|Any CPU
		{D83F810C-E72B-4DCD-BFEA-0A31D4E2E3D6}.Release|Any CPU.ActiveCfg = Release|Any CPU
		{D83F810C-E72B-4DCD-BFEA-0A31D4E2E3D6}.Release|Any CPU.Build.0 = Release|Any CPU
		{54D5E549-BC7D-4CB0-98F3-16E4E8517DFC}.Debug|Any CPU.ActiveCfg = Debug|Any CPU
		{54D5E549-BC7D-4CB0-98F3-16E4E8517DFC}.Debug|Any CPU.Build.0 = Debug|Any CPU
		{54D5E549-BC7D-4CB0-98F3-16E4E8517DFC}.Release|Any CPU.ActiveCfg = Release|Any CPU
		{54D5E549-BC7D-4CB0-98F3-16E4E8517DFC}.Release|Any CPU.Build.0 = Release|Any CPU
	EndGlobalSection
	GlobalSection(SolutionProperties) = preSolution
		HideSolutionNode = FALSE
	EndGlobalSection
	GlobalSection(ExtensibilityGlobals) = postSolution
		SolutionGuid = {D90904BE-A56D-41E2-A22B-70CAAB8CD39A}
	EndGlobalSection
EndGlobal
